// !$*UTF8*$!
{
	archiveVersion = 1;
	classes = {
	};
	objectVersion = 55;
	objects = {

/* Begin PBXBuildFile section */
		C4EF089E28D2F7E0002C89A4 /* AppDelegate.swift in Sources */ = {isa = PBXBuildFile; fileRef = C4EF089D28D2F7E0002C89A4 /* AppDelegate.swift */; };
		C4EF08A028D2F7E0002C89A4 /* SceneDelegate.swift in Sources */ = {isa = PBXBuildFile; fileRef = C4EF089F28D2F7E0002C89A4 /* SceneDelegate.swift */; };
		C4EF08A228D2F7E0002C89A4 /* ViewController.swift in Sources */ = {isa = PBXBuildFile; fileRef = C4EF08A128D2F7E0002C89A4 /* ViewController.swift */; };
		C4EF08A528D2F7E0002C89A4 /* Main.storyboard in Resources */ = {isa = PBXBuildFile; fileRef = C4EF08A328D2F7E0002C89A4 /* Main.storyboard */; };
		C4EF08A728D2F7E0002C89A4 /* Assets.xcassets in Resources */ = {isa = PBXBuildFile; fileRef = C4EF08A628D2F7E0002C89A4 /* Assets.xcassets */; };
		C4EF08AA28D2F7E0002C89A4 /* LaunchScreen.storyboard in Resources */ = {isa = PBXBuildFile; fileRef = C4EF08A828D2F7E0002C89A4 /* LaunchScreen.storyboard */; };
		C4EF08B528D2F7E0002C89A4 /* pj2Tests.swift in Sources */ = {isa = PBXBuildFile; fileRef = C4EF08B428D2F7E0002C89A4 /* pj2Tests.swift */; };
		C4EF08BF28D2F7E0002C89A4 /* pj2UITests.swift in Sources */ = {isa = PBXBuildFile; fileRef = C4EF08BE28D2F7E0002C89A4 /* pj2UITests.swift */; };
		C4EF08C128D2F7E0002C89A4 /* pj2UITestsLaunchTests.swift in Sources */ = {isa = PBXBuildFile; fileRef = C4EF08C028D2F7E0002C89A4 /* pj2UITestsLaunchTests.swift */; };
/* End PBXBuildFile section */

/* Begin PBXContainerItemProxy section */
		C4EF08B128D2F7E0002C89A4 /* PBXContainerItemProxy */ = {
			isa = PBXContainerItemProxy;
			containerPortal = C4EF089228D2F7E0002C89A4 /* Project object */;
			proxyType = 1;
			remoteGlobalIDString = C4EF089928D2F7E0002C89A4;
			remoteInfo = pj2;
		};
		C4EF08BB28D2F7E0002C89A4 /* PBXContainerItemProxy */ = {
			isa = PBXContainerItemProxy;
			containerPortal = C4EF089228D2F7E0002C89A4 /* Project object */;
			proxyType = 1;
			remoteGlobalIDString = C4EF089928D2F7E0002C89A4;
			remoteInfo = pj2;
		};
/* End PBXContainerItemProxy section */

/* Begin PBXFileReference section */
		C4EF089A28D2F7E0002C89A4 /* pj2.app */ = {isa = PBXFileReference; explicitFileType = wrapper.application; includeInIndex = 0; path = pj2.app; sourceTree = BUILT_PRODUCTS_DIR; };
		C4EF089D28D2F7E0002C89A4 /* AppDelegate.swift */ = {isa = PBXFileReference; lastKnownFileType = sourcecode.swift; path = AppDelegate.swift; sourceTree = "<group>"; };
		C4EF089F28D2F7E0002C89A4 /* SceneDelegate.swift */ = {isa = PBXFileReference; lastKnownFileType = sourcecode.swift; path = SceneDelegate.swift; sourceTree = "<group>"; };
		C4EF08A128D2F7E0002C89A4 /* ViewController.swift */ = {isa = PBXFileReference; lastKnownFileType = sourcecode.swift; path = ViewController.swift; sourceTree = "<group>"; };
		C4EF08A428D2F7E0002C89A4 /* Base */ = {isa = PBXFileReference; lastKnownFileType = file.storyboard; name = Base; path = Base.lproj/Main.storyboard; sourceTree = "<group>"; };
		C4EF08A628D2F7E0002C89A4 /* Assets.xcassets */ = {isa = PBXFileReference; lastKnownFileType = folder.assetcatalog; path = Assets.xcassets; sourceTree = "<group>"; };
		C4EF08A928D2F7E0002C89A4 /* Base */ = {isa = PBXFileReference; lastKnownFileType = file.storyboard; name = Base; path = Base.lproj/LaunchScreen.storyboard; sourceTree = "<group>"; };
		C4EF08AB28D2F7E0002C89A4 /* Info.plist */ = {isa = PBXFileReference; lastKnownFileType = text.plist.xml; path = Info.plist; sourceTree = "<group>"; };
		C4EF08B028D2F7E0002C89A4 /* pj2Tests.xctest */ = {isa = PBXFileReference; explicitFileType = wrapper.cfbundle; includeInIndex = 0; path = pj2Tests.xctest; sourceTree = BUILT_PRODUCTS_DIR; };
		C4EF08B428D2F7E0002C89A4 /* pj2Tests.swift */ = {isa = PBXFileReference; lastKnownFileType = sourcecode.swift; path = pj2Tests.swift; sourceTree = "<group>"; };
		C4EF08BA28D2F7E0002C89A4 /* pj2UITests.xctest */ = {isa = PBXFileReference; explicitFileType = wrapper.cfbundle; includeInIndex = 0; path = pj2UITests.xctest; sourceTree = BUILT_PRODUCTS_DIR; };
		C4EF08BE28D2F7E0002C89A4 /* pj2UITests.swift */ = {isa = PBXFileReference; lastKnownFileType = sourcecode.swift; path = pj2UITests.swift; sourceTree = "<group>"; };
		C4EF08C028D2F7E0002C89A4 /* pj2UITestsLaunchTests.swift */ = {isa = PBXFileReference; lastKnownFileType = sourcecode.swift; path = pj2UITestsLaunchTests.swift; sourceTree = "<group>"; };
/* End PBXFileReference section */

/* Begin PBXFrameworksBuildPhase section */
		C4EF089728D2F7E0002C89A4 /* Frameworks */ = {
			isa = PBXFrameworksBuildPhase;
			buildActionMask = 2147483647;
			files = (
			);
			runOnlyForDeploymentPostprocessing = 0;
		};
		C4EF08AD28D2F7E0002C89A4 /* Frameworks */ = {
			isa = PBXFrameworksBuildPhase;
			buildActionMask = 2147483647;
			files = (
			);
			runOnlyForDeploymentPostprocessing = 0;
		};
		C4EF08B728D2F7E0002C89A4 /* Frameworks */ = {
			isa = PBXFrameworksBuildPhase;
			buildActionMask = 2147483647;
			files = (
			);
			runOnlyForDeploymentPostprocessing = 0;
		};
/* End PBXFrameworksBuildPhase section */

/* Begin PBXGroup section */
		C4EF089128D2F7E0002C89A4 = {
			isa = PBXGroup;
			children = (
				C4EF089C28D2F7E0002C89A4 /* pj2 */,
				C4EF08B328D2F7E0002C89A4 /* pj2Tests */,
				C4EF08BD28D2F7E0002C89A4 /* pj2UITests */,
				C4EF089B28D2F7E0002C89A4 /* Products */,
			);
			sourceTree = "<group>";
		};
		C4EF089B28D2F7E0002C89A4 /* Products */ = {
			isa = PBXGroup;
			children = (
				C4EF089A28D2F7E0002C89A4 /* pj2.app */,
				C4EF08B028D2F7E0002C89A4 /* pj2Tests.xctest */,
				C4EF08BA28D2F7E0002C89A4 /* pj2UITests.xctest */,
			);
			name = Products;
			sourceTree = "<group>";
		};
		C4EF089C28D2F7E0002C89A4 /* pj2 */ = {
			isa = PBXGroup;
			children = (
				C4EF089D28D2F7E0002C89A4 /* AppDelegate.swift */,
				C4EF089F28D2F7E0002C89A4 /* SceneDelegate.swift */,
				C4EF08A128D2F7E0002C89A4 /* ViewController.swift */,
				C4EF08A328D2F7E0002C89A4 /* Main.storyboard */,
				C4EF08A628D2F7E0002C89A4 /* Assets.xcassets */,
				C4EF08A828D2F7E0002C89A4 /* LaunchScreen.storyboard */,
				C4EF08AB28D2F7E0002C89A4 /* Info.plist */,
			);
			path = pj2;
			sourceTree = "<group>";
		};
		C4EF08B328D2F7E0002C89A4 /* pj2Tests */ = {
			isa = PBXGroup;
			children = (
				C4EF08B428D2F7E0002C89A4 /* pj2Tests.swift */,
			);
			path = pj2Tests;
			sourceTree = "<group>";
		};
		C4EF08BD28D2F7E0002C89A4 /* pj2UITests */ = {
			isa = PBXGroup;
			children = (
				C4EF08BE28D2F7E0002C89A4 /* pj2UITests.swift */,
				C4EF08C028D2F7E0002C89A4 /* pj2UITestsLaunchTests.swift */,
			);
			path = pj2UITests;
			sourceTree = "<group>";
		};
/* End PBXGroup section */

/* Begin PBXNativeTarget section */
		C4EF089928D2F7E0002C89A4 /* pj2 */ = {
			isa = PBXNativeTarget;
			buildConfigurationList = C4EF08C428D2F7E0002C89A4 /* Build configuration list for PBXNativeTarget "pj2" */;
			buildPhases = (
				C4EF089628D2F7E0002C89A4 /* Sources */,
				C4EF089728D2F7E0002C89A4 /* Frameworks */,
				C4EF089828D2F7E0002C89A4 /* Resources */,
			);
			buildRules = (
			);
			dependencies = (
			);
			name = pj2;
			productName = pj2;
			productReference = C4EF089A28D2F7E0002C89A4 /* pj2.app */;
			productType = "com.apple.product-type.application";
		};
		C4EF08AF28D2F7E0002C89A4 /* pj2Tests */ = {
			isa = PBXNativeTarget;
			buildConfigurationList = C4EF08C728D2F7E0002C89A4 /* Build configuration list for PBXNativeTarget "pj2Tests" */;
			buildPhases = (
				C4EF08AC28D2F7E0002C89A4 /* Sources */,
				C4EF08AD28D2F7E0002C89A4 /* Frameworks */,
				C4EF08AE28D2F7E0002C89A4 /* Resources */,
			);
			buildRules = (
			);
			dependencies = (
				C4EF08B228D2F7E0002C89A4 /* PBXTargetDependency */,
			);
			name = pj2Tests;
			productName = pj2Tests;
			productReference = C4EF08B028D2F7E0002C89A4 /* pj2Tests.xctest */;
			productType = "com.apple.product-type.bundle.unit-test";
		};
		C4EF08B928D2F7E0002C89A4 /* pj2UITests */ = {
			isa = PBXNativeTarget;
			buildConfigurationList = C4EF08CA28D2F7E0002C89A4 /* Build configuration list for PBXNativeTarget "pj2UITests" */;
			buildPhases = (
				C4EF08B628D2F7E0002C89A4 /* Sources */,
				C4EF08B728D2F7E0002C89A4 /* Frameworks */,
				C4EF08B828D2F7E0002C89A4 /* Resources */,
			);
			buildRules = (
			);
			dependencies = (
				C4EF08BC28D2F7E0002C89A4 /* PBXTargetDependency */,
			);
			name = pj2UITests;
			productName = pj2UITests;
			productReference = C4EF08BA28D2F7E0002C89A4 /* pj2UITests.xctest */;
			productType = "com.apple.product-type.bundle.ui-testing";
		};
/* End PBXNativeTarget section */

/* Begin PBXProject section */
		C4EF089228D2F7E0002C89A4 /* Project object */ = {
			isa = PBXProject;
			attributes = {
				BuildIndependentTargetsInParallel = 1;
				LastSwiftUpdateCheck = 1340;
				LastUpgradeCheck = 1340;
				TargetAttributes = {
					C4EF089928D2F7E0002C89A4 = {
						CreatedOnToolsVersion = 13.4.1;
					};
					C4EF08AF28D2F7E0002C89A4 = {
						CreatedOnToolsVersion = 13.4.1;
						TestTargetID = C4EF089928D2F7E0002C89A4;
					};
					C4EF08B928D2F7E0002C89A4 = {
						CreatedOnToolsVersion = 13.4.1;
						TestTargetID = C4EF089928D2F7E0002C89A4;
					};
				};
			};
			buildConfigurationList = C4EF089528D2F7E0002C89A4 /* Build configuration list for PBXProject "pj2" */;
			compatibilityVersion = "Xcode 13.0";
			developmentRegion = en;
			hasScannedForEncodings = 0;
			knownRegions = (
				en,
				Base,
			);
			mainGroup = C4EF089128D2F7E0002C89A4;
			productRefGroup = C4EF089B28D2F7E0002C89A4 /* Products */;
			projectDirPath = "";
			projectRoot = "";
			targets = (
				C4EF089928D2F7E0002C89A4 /* pj2 */,
				C4EF08AF28D2F7E0002C89A4 /* pj2Tests */,
				C4EF08B928D2F7E0002C89A4 /* pj2UITests */,
			);
		};
/* End PBXProject section */

/* Begin PBXResourcesBuildPhase section */
		C4EF089828D2F7E0002C89A4 /* Resources */ = {
			isa = PBXResourcesBuildPhase;
			buildActionMask = 2147483647;
			files = (
				C4EF08AA28D2F7E0002C89A4 /* LaunchScreen.storyboard in Resources */,
				C4EF08A728D2F7E0002C89A4 /* Assets.xcassets in Resources */,
				C4EF08A528D2F7E0002C89A4 /* Main.storyboard in Resources */,
			);
			runOnlyForDeploymentPostprocessing = 0;
		};
		C4EF08AE28D2F7E0002C89A4 /* Resources */ = {
			isa = PBXResourcesBuildPhase;
			buildActionMask = 2147483647;
			files = (
			);
			runOnlyForDeploymentPostprocessing = 0;
		};
		C4EF08B828D2F7E0002C89A4 /* Resources */ = {
			isa = PBXResourcesBuildPhase;
			buildActionMask = 2147483647;
			files = (
			);
			runOnlyForDeploymentPostprocessing = 0;
		};
/* End PBXResourcesBuildPhase section */

/* Begin PBXSourcesBuildPhase section */
		C4EF089628D2F7E0002C89A4 /* Sources */ = {
			isa = PBXSourcesBuildPhase;
			buildActionMask = 2147483647;
			files = (
				C4EF08A228D2F7E0002C89A4 /* ViewController.swift in Sources */,
				C4EF089E28D2F7E0002C89A4 /* AppDelegate.swift in Sources */,
				C4EF08A028D2F7E0002C89A4 /* SceneDelegate.swift in Sources */,
			);
			runOnlyForDeploymentPostprocessing = 0;
		};
		C4EF08AC28D2F7E0002C89A4 /* Sources */ = {
			isa = PBXSourcesBuildPhase;
			buildActionMask = 2147483647;
			files = (
				C4EF08B528D2F7E0002C89A4 /* pj2Tests.swift in Sources */,
			);
			runOnlyForDeploymentPostprocessing = 0;
		};
		C4EF08B628D2F7E0002C89A4 /* Sources */ = {
			isa = PBXSourcesBuildPhase;
			buildActionMask = 2147483647;
			files = (
				C4EF08BF28D2F7E0002C89A4 /* pj2UITests.swift in Sources */,
				C4EF08C128D2F7E0002C89A4 /* pj2UITestsLaunchTests.swift in Sources */,
			);
			runOnlyForDeploymentPostprocessing = 0;
		};
/* End PBXSourcesBuildPhase section */

/* Begin PBXTargetDependency section */
		C4EF08B228D2F7E0002C89A4 /* PBXTargetDependency */ = {
			isa = PBXTargetDependency;
			target = C4EF089928D2F7E0002C89A4 /* pj2 */;
			targetProxy = C4EF08B128D2F7E0002C89A4 /* PBXContainerItemProxy */;
		};
		C4EF08BC28D2F7E0002C89A4 /* PBXTargetDependency */ = {
			isa = PBXTargetDependency;
			target = C4EF089928D2F7E0002C89A4 /* pj2 */;
			targetProxy = C4EF08BB28D2F7E0002C89A4 /* PBXContainerItemProxy */;
		};
/* End PBXTargetDependency section */

/* Begin PBXVariantGroup section */
		C4EF08A328D2F7E0002C89A4 /* Main.storyboard */ = {
			isa = PBXVariantGroup;
			children = (
				C4EF08A428D2F7E0002C89A4 /* Base */,
			);
			name = Main.storyboard;
			sourceTree = "<group>";
		};
		C4EF08A828D2F7E0002C89A4 /* LaunchScreen.storyboard */ = {
			isa = PBXVariantGroup;
			children = (
				C4EF08A928D2F7E0002C89A4 /* Base */,
			);
			name = LaunchScreen.storyboard;
			sourceTree = "<group>";
		};
/* End PBXVariantGroup section */

/* Begin XCBuildConfiguration section */
		C4EF08C228D2F7E0002C89A4 /* Debug */ = {
			isa = XCBuildConfiguration;
			buildSettings = {
				ALWAYS_SEARCH_USER_PATHS = NO;
				CLANG_ANALYZER_NONNULL = YES;
				CLANG_ANALYZER_NUMBER_OBJECT_CONVERSION = YES_AGGRESSIVE;
				CLANG_CXX_LANGUAGE_STANDARD = "gnu++17";
				CLANG_ENABLE_MODULES = YES;
				CLANG_ENABLE_OBJC_ARC = YES;
				CLANG_ENABLE_OBJC_WEAK = YES;
				CLANG_WARN_BLOCK_CAPTURE_AUTORELEASING = YES;
				CLANG_WARN_BOOL_CONVERSION = YES;
				CLANG_WARN_COMMA = YES;
				CLANG_WARN_CONSTANT_CONVERSION = YES;
				CLANG_WARN_DEPRECATED_OBJC_IMPLEMENTATIONS = YES;
				CLANG_WARN_DIRECT_OBJC_ISA_USAGE = YES_ERROR;
				CLANG_WARN_DOCUMENTATION_COMMENTS = YES;
				CLANG_WARN_EMPTY_BODY = YES;
				CLANG_WARN_ENUM_CONVERSION = YES;
				CLANG_WARN_INFINITE_RECURSION = YES;
				CLANG_WARN_INT_CONVERSION = YES;
				CLANG_WARN_NON_LITERAL_NULL_CONVERSION = YES;
				CLANG_WARN_OBJC_IMPLICIT_RETAIN_SELF = YES;
				CLANG_WARN_OBJC_LITERAL_CONVERSION = YES;
				CLANG_WARN_OBJC_ROOT_CLASS = YES_ERROR;
				CLANG_WARN_QUOTED_INCLUDE_IN_FRAMEWORK_HEADER = YES;
				CLANG_WARN_RANGE_LOOP_ANALYSIS = YES;
				CLANG_WARN_STRICT_PROTOTYPES = YES;
				CLANG_WARN_SUSPICIOUS_MOVE = YES;
				CLANG_WARN_UNGUARDED_AVAILABILITY = YES_AGGRESSIVE;
				CLANG_WARN_UNREACHABLE_CODE = YES;
				CLANG_WARN__DUPLICATE_METHOD_MATCH = YES;
				COPY_PHASE_STRIP = NO;
				DEBUG_INFORMATION_FORMAT = dwarf;
				ENABLE_STRICT_OBJC_MSGSEND = YES;
				ENABLE_TESTABILITY = YES;
				GCC_C_LANGUAGE_STANDARD = gnu11;
				GCC_DYNAMIC_NO_PIC = NO;
				GCC_NO_COMMON_BLOCKS = YES;
				GCC_OPTIMIZATION_LEVEL = 0;
				GCC_PREPROCESSOR_DEFINITIONS = (
					"DEBUG=1",
					"$(inherited)",
				);
				GCC_WARN_64_TO_32_BIT_CONVERSION = YES;
				GCC_WARN_ABOUT_RETURN_TYPE = YES_ERROR;
				GCC_WARN_UNDECLARED_SELECTOR = YES;
				GCC_WARN_UNINITIALIZED_AUTOS = YES_AGGRESSIVE;
				GCC_WARN_UNUSED_FUNCTION = YES;
				GCC_WARN_UNUSED_VARIABLE = YES;
				IPHONEOS_DEPLOYMENT_TARGET = 15.5;
				MTL_ENABLE_DEBUG_INFO = INCLUDE_SOURCE;
				MTL_FAST_MATH = YES;
				ONLY_ACTIVE_ARCH = YES;
				SDKROOT = iphoneos;
				SWIFT_ACTIVE_COMPILATION_CONDITIONS = DEBUG;
				SWIFT_OPTIMIZATION_LEVEL = "-Onone";
			};
			name = Debug;
		};
		C4EF08C328D2F7E0002C89A4 /* Release */ = {
			isa = XCBuildConfiguration;
			buildSettings = {
				ALWAYS_SEARCH_USER_PATHS = NO;
				CLANG_ANALYZER_NONNULL = YES;
				CLANG_ANALYZER_NUMBER_OBJECT_CONVERSION = YES_AGGRESSIVE;
				CLANG_CXX_LANGUAGE_STANDARD = "gnu++17";
				CLANG_ENABLE_MODULES = YES;
				CLANG_ENABLE_OBJC_ARC = YES;
				CLANG_ENABLE_OBJC_WEAK = YES;
				CLANG_WARN_BLOCK_CAPTURE_AUTORELEASING = YES;
				CLANG_WARN_BOOL_CONVERSION = YES;
				CLANG_WARN_COMMA = YES;
				CLANG_WARN_CONSTANT_CONVERSION = YES;
				CLANG_WARN_DEPRECATED_OBJC_IMPLEMENTATIONS = YES;
				CLANG_WARN_DIRECT_OBJC_ISA_USAGE = YES_ERROR;
				CLANG_WARN_DOCUMENTATION_COMMENTS = YES;
				CLANG_WARN_EMPTY_BODY = YES;
				CLANG_WARN_ENUM_CONVERSION = YES;
				CLANG_WARN_INFINITE_RECURSION = YES;
				CLANG_WARN_INT_CONVERSION = YES;
				CLANG_WARN_NON_LITERAL_NULL_CONVERSION = YES;
				CLANG_WARN_OBJC_IMPLICIT_RETAIN_SELF = YES;
				CLANG_WARN_OBJC_LITERAL_CONVERSION = YES;
				CLANG_WARN_OBJC_ROOT_CLASS = YES_ERROR;
				CLANG_WARN_QUOTED_INCLUDE_IN_FRAMEWORK_HEADER = YES;
				CLANG_WARN_RANGE_LOOP_ANALYSIS = YES;
				CLANG_WARN_STRICT_PROTOTYPES = YES;
				CLANG_WARN_SUSPICIOUS_MOVE = YES;
				CLANG_WARN_UNGUARDED_AVAILABILITY = YES_AGGRESSIVE;
				CLANG_WARN_UNREACHABLE_CODE = YES;
				CLANG_WARN__DUPLICATE_METHOD_MATCH = YES;
				COPY_PHASE_STRIP = NO;
				DEBUG_INFORMATION_FORMAT = "dwarf-with-dsym";
				ENABLE_NS_ASSERTIONS = NO;
				ENABLE_STRICT_OBJC_MSGSEND = YES;
				GCC_C_LANGUAGE_STANDARD = gnu11;
				GCC_NO_COMMON_BLOCKS = YES;
				GCC_WARN_64_TO_32_BIT_CONVERSION = YES;
				GCC_WARN_ABOUT_RETURN_TYPE = YES_ERROR;
				GCC_WARN_UNDECLARED_SELECTOR = YES;
				GCC_WARN_UNINITIALIZED_AUTOS = YES_AGGRESSIVE;
				GCC_WARN_UNUSED_FUNCTION = YES;
				GCC_WARN_UNUSED_VARIABLE = YES;
				IPHONEOS_DEPLOYMENT_TARGET = 15.5;
				MTL_ENABLE_DEBUG_INFO = NO;
				MTL_FAST_MATH = YES;
				SDKROOT = iphoneos;
				SWIFT_COMPILATION_MODE = wholemodule;
				SWIFT_OPTIMIZATION_LEVEL = "-O";
				VALIDATE_PRODUCT = YES;
			};
			name = Release;
		};
		C4EF08C528D2F7E0002C89A4 /* Debug */ = {
			isa = XCBuildConfiguration;
			buildSettings = {
				ASSETCATALOG_COMPILER_APPICON_NAME = AppIcon;
				ASSETCATALOG_COMPILER_GLOBAL_ACCENT_COLOR_NAME = AccentColor;
				CODE_SIGN_STYLE = Automatic;
				CURRENT_PROJECT_VERSION = 1;
				DEVELOPMENT_TEAM = DU88KW67TH;
				GENERATE_INFOPLIST_FILE = YES;
				INFOPLIST_FILE = pj2/Info.plist;
				INFOPLIST_KEY_UIApplicationSupportsIndirectInputEvents = YES;
				INFOPLIST_KEY_UILaunchStoryboardName = LaunchScreen;
				INFOPLIST_KEY_UIMainStoryboardFile = Main;
				INFOPLIST_KEY_UISupportedInterfaceOrientations_iPad = "UIInterfaceOrientationPortrait UIInterfaceOrientationPortraitUpsideDown UIInterfaceOrientationLandscapeLeft UIInterfaceOrientationLandscapeRight";
				INFOPLIST_KEY_UISupportedInterfaceOrientations_iPhone = "UIInterfaceOrientationPortrait UIInterfaceOrientationLandscapeLeft UIInterfaceOrientationLandscapeRight";
				LD_RUNPATH_SEARCH_PATHS = (
					"$(inherited)",
					"@executable_path/Frameworks",
				);
				MARKETING_VERSION = 1.0;
				PRODUCT_BUNDLE_IDENTIFIER = com.choikihun.pj2;
				PRODUCT_NAME = "$(TARGET_NAME)";
				SWIFT_EMIT_LOC_STRINGS = YES;
				SWIFT_VERSION = 5.0;
				TARGETED_DEVICE_FAMILY = "1,2";
			};
			name = Debug;
		};
		C4EF08C628D2F7E0002C89A4 /* Release */ = {
			isa = XCBuildConfiguration;
			buildSettings = {
				ASSETCATALOG_COMPILER_APPICON_NAME = AppIcon;
				ASSETCATALOG_COMPILER_GLOBAL_ACCENT_COLOR_NAME = AccentColor;
				CODE_SIGN_STYLE = Automatic;
				CURRENT_PROJECT_VERSION = 1;
				DEVELOPMENT_TEAM = DU88KW67TH;
				GENERATE_INFOPLIST_FILE = YES;
				INFOPLIST_FILE = pj2/Info.plist;
				INFOPLIST_KEY_UIApplicationSupportsIndirectInputEvents = YES;
				INFOPLIST_KEY_UILaunchStoryboardName = LaunchScreen;
				INFOPLIST_KEY_UIMainStoryboardFile = Main;
				INFOPLIST_KEY_UISupportedInterfaceOrientations_iPad = "UIInterfaceOrientationPortrait UIInterfaceOrientationPortraitUpsideDown UIInterfaceOrientationLandscapeLeft UIInterfaceOrientationLandscapeRight";
				INFOPLIST_KEY_UISupportedInterfaceOrientations_iPhone = "UIInterfaceOrientationPortrait UIInterfaceOrientationLandscapeLeft UIInterfaceOrientationLandscapeRight";
				LD_RUNPATH_SEARCH_PATHS = (
					"$(inherited)",
					"@executable_path/Frameworks",
				);
				MARKETING_VERSION = 1.0;
				PRODUCT_BUNDLE_IDENTIFIER = com.choikihun.pj2;
				PRODUCT_NAME = "$(TARGET_NAME)";
				SWIFT_EMIT_LOC_STRINGS = YES;
				SWIFT_VERSION = 5.0;
				TARGETED_DEVICE_FAMILY = "1,2";
			};
			name = Release;
		};
		C4EF08C828D2F7E0002C89A4 /* Debug */ = {
			isa = XCBuildConfiguration;
			buildSettings = {
				ALWAYS_EMBED_SWIFT_STANDARD_LIBRARIES = YES;
				BUNDLE_LOADER = "$(TEST_HOST)";
				CODE_SIGN_STYLE = Automatic;
				CURRENT_PROJECT_VERSION = 1;
				DEVELOPMENT_TEAM = DU88KW67TH;
				GENERATE_INFOPLIST_FILE = YES;
				IPHONEOS_DEPLOYMENT_TARGET = 15.5;
				MARKETING_VERSION = 1.0;
				PRODUCT_BUNDLE_IDENTIFIER = com.choikihun.pj2Tests;
				PRODUCT_NAME = "$(TARGET_NAME)";
				SWIFT_EMIT_LOC_STRINGS = NO;
				SWIFT_VERSION = 5.0;
				TARGETED_DEVICE_FAMILY = "1,2";
				TEST_HOST = "$(BUILT_PRODUCTS_DIR)/pj2.app/pj2";
			};
			name = Debug;
		};
		C4EF08C928D2F7E0002C89A4 /* Release */ = {
			isa = XCBuildConfiguration;
			buildSettings = {
				ALWAYS_EMBED_SWIFT_STANDARD_LIBRARIES = YES;
				BUNDLE_LOADER = "$(TEST_HOST)";
				CODE_SIGN_STYLE = Automatic;
				CURRENT_PROJECT_VERSION = 1;
				DEVELOPMENT_TEAM = DU88KW67TH;
				GENERATE_INFOPLIST_FILE = YES;
				IPHONEOS_DEPLOYMENT_TARGET = 15.5;
				MARKETING_VERSION = 1.0;
				PRODUCT_BUNDLE_IDENTIFIER = com.choikihun.pj2Tests;
				PRODUCT_NAME = "$(TARGET_NAME)";
				SWIFT_EMIT_LOC_STRINGS = NO;
				SWIFT_VERSION = 5.0;
				TARGETED_DEVICE_FAMILY = "1,2";
				TEST_HOST = "$(BUILT_PRODUCTS_DIR)/pj2.app/pj2";
			};
			name = Release;
		};
		C4EF08CB28D2F7E0002C89A4 /* Debug */ = {
			isa = XCBuildConfiguration;
			buildSettings = {
				ALWAYS_EMBED_SWIFT_STANDARD_LIBRARIES = YES;
				CODE_SIGN_STYLE = Automatic;
				CURRENT_PROJECT_VERSION = 1;
				DEVELOPMENT_TEAM = DU88KW67TH;
				GENERATE_INFOPLIST_FILE = YES;
				MARKETING_VERSION = 1.0;
				PRODUCT_BUNDLE_IDENTIFIER = com.choikihun.pj2UITests;
				PRODUCT_NAME = "$(TARGET_NAME)";
				SWIFT_EMIT_LOC_STRINGS = NO;
				SWIFT_VERSION = 5.0;
				TARGETED_DEVICE_FAMILY = "1,2";
				TEST_TARGET_NAME = pj2;
			};
			name = Debug;
		};
		C4EF08CC28D2F7E0002C89A4 /* Release */ = {
			isa = XCBuildConfiguration;
			buildSettings = {
				ALWAYS_EMBED_SWIFT_STANDARD_LIBRARIES = YES;
				CODE_SIGN_STYLE = Automatic;
				CURRENT_PROJECT_VERSION = 1;
				DEVELOPMENT_TEAM = DU88KW67TH;
				GENERATE_INFOPLIST_FILE = YES;
				MARKETING_VERSION = 1.0;
				PRODUCT_BUNDLE_IDENTIFIER = com.choikihun.pj2UITests;
				PRODUCT_NAME = "$(TARGET_NAME)";
				SWIFT_EMIT_LOC_STRINGS = NO;
				SWIFT_VERSION = 5.0;
				TARGETED_DEVICE_FAMILY = "1,2";
				TEST_TARGET_NAME = pj2;
			};
			name = Release;
		};
/* End XCBuildConfiguration section */

/* Begin XCConfigurationList section */
		C4EF089528D2F7E0002C89A4 /* Build configuration list for PBXProject "pj2" */ = {
			isa = XCConfigurationList;
			buildConfigurations = (
				C4EF08C228D2F7E0002C89A4 /* Debug */,
				C4EF08C328D2F7E0002C89A4 /* Release */,
			);
			defaultConfigurationIsVisible = 0;
			defaultConfigurationName = Release;
		};
		C4EF08C428D2F7E0002C89A4 /* Build configuration list for PBXNativeTarget "pj2" */ = {
			isa = XCConfigurationList;
			buildConfigurations = (
				C4EF08C528D2F7E0002C89A4 /* Debug */,
				C4EF08C628D2F7E0002C89A4 /* Release */,
			);
			defaultConfigurationIsVisible = 0;
			defaultConfigurationName = Release;
		};
		C4EF08C728D2F7E0002C89A4 /* Build configuration list for PBXNativeTarget "pj2Tests" */ = {
			isa = XCConfigurationList;
			buildConfigurations = (
				C4EF08C828D2F7E0002C89A4 /* Debug */,
				C4EF08C928D2F7E0002C89A4 /* Release */,
			);
			defaultConfigurationIsVisible = 0;
			defaultConfigurationName = Release;
		};
		C4EF08CA28D2F7E0002C89A4 /* Build configuration list for PBXNativeTarget "pj2UITests" */ = {
			isa = XCConfigurationList;
			buildConfigurations = (
				C4EF08CB28D2F7E0002C89A4 /* Debug */,
				C4EF08CC28D2F7E0002C89A4 /* Release */,
			);
			defaultConfigurationIsVisible = 0;
			defaultConfigurationName = Release;
		};
/* End XCConfigurationList section */
	};
	rootObject = C4EF089228D2F7E0002C89A4 /* Project object */;
}
